
Microsoft Visual Studio Solution File, Format Version 12.00
# Visual Studio 15
VisualStudioVersion = 15.0.27703.2035
MinimumVisualStudioVersion = 10.0.40219.1
Project("{8BC9CEB8-8B4A-11D0-8D11-00A0C91BC942}") = "lab4_decisions_no_class_no_functions", "lab4_decisions_no_class_no_functions\lab4_decisions_no_class_no_functions.vcxproj", "{2D14A64D-CE30-479F-94E9-B53FD8962D90}"
EndProject
Global
	GlobalSection(SolutionConfigurationPlatforms) = preSolution
		Debug|x64 = Debug|x64
		Debug|x86 = Debug|x86
		Release|x64 = Release|x64
		Release|x86 = Release|x86
	EndGlobalSection
	GlobalSection(ProjectConfigurationPlatforms) = postSolution
		{2D14A64D-CE30-479F-94E9-B53FD8962D90}.Debug|x64.ActiveCfg = Debug|x64
		{2D14A64D-CE30-479F-94E9-B53FD8962D90}.Debug|x64.Build.0 = Debug|x64
		{2D14A64D-CE30-479F-94E9-B53FD8962D90}.Debug|x86.ActiveCfg = Debug|Win32
		{2D14A64D-CE30-479F-94E9-B53FD8962D90}.Debug|x86.Build.0 = Debug|Win32
		{2D14A64D-CE30-479F-94E9-B53FD8962D90}.Release|x64.ActiveCfg = Release|x64
		{2D14A64D-CE30-479F-94E9-B53FD8962D90}.Release|x64.Build.0 = Release|x64
		{2D14A64D-CE30-479F-94E9-B53FD8962D90}.Release|x86.ActiveCfg = Release|Win32
		{2D14A64D-CE30-479F-94E9-B53FD8962D90}.Release|x86.Build.0 = Release|Win32
	EndGlobalSection
	GlobalSection(SolutionProperties) = preSolution
		HideSolutionNode = FALSE
	EndGlobalSection
	GlobalSection(ExtensibilityGlobals) = postSolution
		SolutionGuid = {EF3F11C1-2F7D-44BC-9BE9-1740D015F38E}
	EndGlobalSection
EndGlobal
